
Microsoft Visual Studio Solution File, Format Version 12.00
# Visual Studio Version 17
VisualStudioVersion = 17.3.32929.385
MinimumVisualStudioVersion = 10.0.40219.1
Project("{FAE04EC0-301F-11D3-BF4B-00C04F79EFBC}") = "Franklin", "Franklin.csproj", "{FF98C604-3B4F-4816-B59E-73E73EF3A1A2}"
EndProject
Global
	GlobalSection(SolutionConfigurationPlatforms) = preSolution
		Debug|Any CPU = Debug|Any CPU
		Release|Any CPU = Release|Any CPU
	EndGlobalSection
	GlobalSection(ProjectConfigurationPlatforms) = postSolution
		{FF98C604-3B4F-4816-B59E-73E73EF3A1A2}.Debug|Any CPU.ActiveCfg = Debug|Any CPU
		{FF98C604-3B4F-4816-B59E-73E73EF3A1A2}.Debug|Any CPU.Build.0 = Debug|Any CPU
		{FF98C604-3B4F-4816-B59E-73E73EF3A1A2}.Release|Any CPU.ActiveCfg = Release|Any CPU
		{FF98C604-3B4F-4816-B59E-73E73EF3A1A2}.Release|Any CPU.Build.0 = Release|Any CPU
	EndGlobalSection
	GlobalSection(SolutionProperties) = preSolution
		HideSolutionNode = FALSE
	EndGlobalSection
	GlobalSection(ExtensibilityGlobals) = postSolution
		SolutionGuid = {1DF51374-439D-4C8C-A053-028DF0C03BAC}
	EndGlobalSection
EndGlobal
